
Microsoft Visual Studio Solution File, Format Version 12.00
# Visual Studio Version 16
VisualStudioVersion = 16.0.33920.266
MinimumVisualStudioVersion = 10.0.40219.1
Project("{FAE04EC0-301F-11D3-BF4B-00C04F79EFBC}") = "go-property.co.za", "go-property.co.za\go-property.co.za.csproj", "{B0EEA8D4-212B-4189-BA36-4B4AA9718FEA}"
EndProject
Global
	GlobalSection(SolutionConfigurationPlatforms) = preSolution
		Debug|Any CPU = Debug|Any CPU
		Release|Any CPU = Release|Any CPU
	EndGlobalSection
	GlobalSection(ProjectConfigurationPlatforms) = postSolution
		{B0EEA8D4-212B-4189-BA36-4B4AA9718FEA}.Debug|Any CPU.ActiveCfg = Debug|Any CPU
		{B0EEA8D4-212B-4189-BA36-4B4AA9718FEA}.Debug|Any CPU.Build.0 = Debug|Any CPU
		{B0EEA8D4-212B-4189-BA36-4B4AA9718FEA}.Release|Any CPU.ActiveCfg = Release|Any CPU
		{B0EEA8D4-212B-4189-BA36-4B4AA9718FEA}.Release|Any CPU.Build.0 = Release|Any CPU
	EndGlobalSection
	GlobalSection(SolutionProperties) = preSolution
		HideSolutionNode = FALSE
	EndGlobalSection
	GlobalSection(ExtensibilityGlobals) = postSolution
		SolutionGuid = {81EDD246-6268-489A-BEFA-16A99221159A}
	EndGlobalSection
EndGlobal
